// !$*UTF8*$!
{
	archiveVersion = 1;
	classes = {
	};
	objectVersion = 50;
	objects = {

/* Begin PBXBuildFile section */
		9B241E42217F852900566DB3 /* AppDelegate.swift in Sources */ = {isa = PBXBuildFile; fileRef = 9B241E41217F852900566DB3 /* AppDelegate.swift */; };
		9B241E44217F852900566DB3 /* ViewController.swift in Sources */ = {isa = PBXBuildFile; fileRef = 9B241E43217F852900566DB3 /* ViewController.swift */; };
		9B241E49217F852E00566DB3 /* Assets.xcassets in Resources */ = {isa = PBXBuildFile; fileRef = 9B241E48217F852E00566DB3 /* Assets.xcassets */; };
		9B241E4C217F852E00566DB3 /* LaunchScreen.storyboard in Resources */ = {isa = PBXBuildFile; fileRef = 9B241E4A217F852E00566DB3 /* LaunchScreen.storyboard */; };
		9B241E57217F852E00566DB3 /* ImageListViewerTests.swift in Sources */ = {isa = PBXBuildFile; fileRef = 9B241E56217F852E00566DB3 /* ImageListViewerTests.swift */; };
/* End PBXBuildFile section */

/* Begin PBXContainerItemProxy section */
		9B241E53217F852E00566DB3 /* PBXContainerItemProxy */ = {
			isa = PBXContainerItemProxy;
			containerPortal = 9B241E36217F852900566DB3 /* Project object */;
			proxyType = 1;
			remoteGlobalIDString = 9B241E3D217F852900566DB3;
			remoteInfo = ImageListViewer;
		};
/* End PBXContainerItemProxy section */

/* Begin PBXFileReference section */
		9B241E3E217F852900566DB3 /* ImageListViewer.app */ = {isa = PBXFileReference; explicitFileType = wrapper.application; includeInIndex = 0; path = ImageListViewer.app; sourceTree = BUILT_PRODUCTS_DIR; };
		9B241E41217F852900566DB3 /* AppDelegate.swift */ = {isa = PBXFileReference; lastKnownFileType = sourcecode.swift; path = AppDelegate.swift; sourceTree = "<group>"; };
		9B241E43217F852900566DB3 /* ViewController.swift */ = {isa = PBXFileReference; lastKnownFileType = sourcecode.swift; path = ViewController.swift; sourceTree = "<group>"; };
		9B241E48217F852E00566DB3 /* Assets.xcassets */ = {isa = PBXFileReference; lastKnownFileType = folder.assetcatalog; path = Assets.xcassets; sourceTree = "<group>"; };
		9B241E4B217F852E00566DB3 /* Base */ = {isa = PBXFileReference; lastKnownFileType = file.storyboard; name = Base; path = Base.lproj/LaunchScreen.storyboard; sourceTree = "<group>"; };
		9B241E4D217F852E00566DB3 /* Info.plist */ = {isa = PBXFileReference; lastKnownFileType = text.plist.xml; path = Info.plist; sourceTree = "<group>"; };
		9B241E52217F852E00566DB3 /* ImageListViewerTests.xctest */ = {isa = PBXFileReference; explicitFileType = wrapper.cfbundle; includeInIndex = 0; path = ImageListViewerTests.xctest; sourceTree = BUILT_PRODUCTS_DIR; };
		9B241E56217F852E00566DB3 /* ImageListViewerTests.swift */ = {isa = PBXFileReference; lastKnownFileType = sourcecode.swift; path = ImageListViewerTests.swift; sourceTree = "<group>"; };
		9B241E58217F852E00566DB3 /* Info.plist */ = {isa = PBXFileReference; lastKnownFileType = text.plist.xml; path = Info.plist; sourceTree = "<group>"; };
/* End PBXFileReference section */

/* Begin PBXFrameworksBuildPhase section */
		9B241E3B217F852900566DB3 /* Frameworks */ = {
			isa = PBXFrameworksBuildPhase;
			buildActionMask = 2147483647;
			files = (
			);
			runOnlyForDeploymentPostprocessing = 0;
		};
		9B241E4F217F852E00566DB3 /* Frameworks */ = {
			isa = PBXFrameworksBuildPhase;
			buildActionMask = 2147483647;
			files = (
			);
			runOnlyForDeploymentPostprocessing = 0;
		};
/* End PBXFrameworksBuildPhase section */

/* Begin PBXGroup section */
		9B241E35217F852900566DB3 = {
			isa = PBXGroup;
			children = (
				9B241E40217F852900566DB3 /* ImageListViewer */,
				9B241E55217F852E00566DB3 /* ImageListViewerTests */,
				9B241E3F217F852900566DB3 /* Products */,
			);
			sourceTree = "<group>";
		};
		9B241E3F217F852900566DB3 /* Products */ = {
			isa = PBXGroup;
			children = (
				9B241E3E217F852900566DB3 /* ImageListViewer.app */,
				9B241E52217F852E00566DB3 /* ImageListViewerTests.xctest */,
			);
			name = Products;
			sourceTree = "<group>";
		};
		9B241E40217F852900566DB3 /* ImageListViewer */ = {
			isa = PBXGroup;
			children = (
				9B241E41217F852900566DB3 /* AppDelegate.swift */,
				9B241E43217F852900566DB3 /* ViewController.swift */,
				9B241E48217F852E00566DB3 /* Assets.xcassets */,
				9B241E4A217F852E00566DB3 /* LaunchScreen.storyboard */,
				9B241E4D217F852E00566DB3 /* Info.plist */,
			);
			path = ImageListViewer;
			sourceTree = "<group>";
		};
		9B241E55217F852E00566DB3 /* ImageListViewerTests */ = {
			isa = PBXGroup;
			children = (
				9B241E56217F852E00566DB3 /* ImageListViewerTests.swift */,
				9B241E58217F852E00566DB3 /* Info.plist */,
			);
			path = ImageListViewerTests;
			sourceTree = "<group>";
		};
/* End PBXGroup section */

/* Begin PBXNativeTarget section */
		9B241E3D217F852900566DB3 /* ImageListViewer */ = {
			isa = PBXNativeTarget;
			buildConfigurationList = 9B241E5B217F852E00566DB3 /* Build configuration list for PBXNativeTarget "ImageListViewer" */;
			buildPhases = (
				9B241E3A217F852900566DB3 /* Sources */,
				9B241E3B217F852900566DB3 /* Frameworks */,
				9B241E3C217F852900566DB3 /* Resources */,
			);
			buildRules = (
			);
			dependencies = (
			);
			name = ImageListViewer;
			productName = ImageListViewer;
			productReference = 9B241E3E217F852900566DB3 /* ImageListViewer.app */;
			productType = "com.apple.product-type.application";
		};
		9B241E51217F852E00566DB3 /* ImageListViewerTests */ = {
			isa = PBXNativeTarget;
			buildConfigurationList = 9B241E5E217F852E00566DB3 /* Build configuration list for PBXNativeTarget "ImageListViewerTests" */;
			buildPhases = (
				9B241E4E217F852E00566DB3 /* Sources */,
				9B241E4F217F852E00566DB3 /* Frameworks */,
				9B241E50217F852E00566DB3 /* Resources */,
			);
			buildRules = (
			);
			dependencies = (
				9B241E54217F852E00566DB3 /* PBXTargetDependency */,
			);
			name = ImageListViewerTests;
			productName = ImageListViewerTests;
			productReference = 9B241E52217F852E00566DB3 /* ImageListViewerTests.xctest */;
			productType = "com.apple.product-type.bundle.unit-test";
		};
/* End PBXNativeTarget section */

/* Begin PBXProject section */
		9B241E36217F852900566DB3 /* Project object */ = {
			isa = PBXProject;
			attributes = {
				LastSwiftUpdateCheck = 0940;
				LastUpgradeCheck = 0940;
				ORGANIZATIONNAME = Khusboo;
				TargetAttributes = {
					9B241E3D217F852900566DB3 = {
						CreatedOnToolsVersion = 9.4.1;
					};
					9B241E51217F852E00566DB3 = {
						CreatedOnToolsVersion = 9.4.1;
						TestTargetID = 9B241E3D217F852900566DB3;
					};
				};
			};
			buildConfigurationList = 9B241E39217F852900566DB3 /* Build configuration list for PBXProject "ImageListViewer" */;
			compatibilityVersion = "Xcode 9.3";
			developmentRegion = en;
			hasScannedForEncodings = 0;
			knownRegions = (
				en,
				Base,
			);
			mainGroup = 9B241E35217F852900566DB3;
			productRefGroup = 9B241E3F217F852900566DB3 /* Products */;
			projectDirPath = "";
			projectRoot = "";
			targets = (
				9B241E3D217F852900566DB3 /* ImageListViewer */,
				9B241E51217F852E00566DB3 /* ImageListViewerTests */,
			);
		};
/* End PBXProject section */

/* Begin PBXResourcesBuildPhase section */
		9B241E3C217F852900566DB3 /* Resources */ = {
			isa = PBXResourcesBuildPhase;
			buildActionMask = 2147483647;
			files = (
				9B241E4C217F852E00566DB3 /* LaunchScreen.storyboard in Resources */,
				9B241E49217F852E00566DB3 /* Assets.xcassets in Resources */,
			);
			runOnlyForDeploymentPostprocessing = 0;
		};
		9B241E50217F852E00566DB3 /* Resources */ = {
			isa = PBXResourcesBuildPhase;
			buildActionMask = 2147483647;
			files = (
			);
			runOnlyForDeploymentPostprocessing = 0;
		};
/* End PBXResourcesBuildPhase section */

/* Begin PBXSourcesBuildPhase section */
		9B241E3A217F852900566DB3 /* Sources */ = {
			isa = PBXSourcesBuildPhase;
			buildActionMask = 2147483647;
			files = (
				9B241E44217F852900566DB3 /* ViewController.swift in Sources */,
				9B241E42217F852900566DB3 /* AppDelegate.swift in Sources */,
			);
			runOnlyForDeploymentPostprocessing = 0;
		};
		9B241E4E217F852E00566DB3 /* Sources */ = {
			isa = PBXSourcesBuildPhase;
			buildActionMask = 2147483647;
			files = (
				9B241E57217F852E00566DB3 /* ImageListViewerTests.swift in Sources */,
			);
			runOnlyForDeploymentPostprocessing = 0;
		};
/* End PBXSourcesBuildPhase section */

/* Begin PBXTargetDependency section */
		9B241E54217F852E00566DB3 /* PBXTargetDependency */ = {
			isa = PBXTargetDependency;
			target = 9B241E3D217F852900566DB3 /* ImageListViewer */;
			targetProxy = 9B241E53217F852E00566DB3 /* PBXContainerItemProxy */;
		};
/* End PBXTargetDependency section */

/* Begin PBXVariantGroup section */
		9B241E4A217F852E00566DB3 /* LaunchScreen.storyboard */ = {
			isa = PBXVariantGroup;
			children = (
				9B241E4B217F852E00566DB3 /* Base */,
			);
			name = LaunchScreen.storyboard;
			sourceTree = "<group>";
		};
/* End PBXVariantGroup section */

/* Begin XCBuildConfiguration section */
		9B241E59217F852E00566DB3 /* Debug */ = {
			isa = XCBuildConfiguration;
			buildSettings = {
				ALWAYS_SEARCH_USER_PATHS = NO;
				CLANG_ANALYZER_NONNULL = YES;
				CLANG_ANALYZER_NUMBER_OBJECT_CONVERSION = YES_AGGRESSIVE;
				CLANG_CXX_LANGUAGE_STANDARD = "gnu++14";
				CLANG_CXX_LIBRARY = "libc++";
				CLANG_ENABLE_MODULES = YES;
				CLANG_ENABLE_OBJC_ARC = YES;
				CLANG_ENABLE_OBJC_WEAK = YES;
				CLANG_WARN_BLOCK_CAPTURE_AUTORELEASING = YES;
				CLANG_WARN_BOOL_CONVERSION = YES;
				CLANG_WARN_COMMA = YES;
				CLANG_WARN_CONSTANT_CONVERSION = YES;
				CLANG_WARN_DEPRECATED_OBJC_IMPLEMENTATIONS = YES;
				CLANG_WARN_DIRECT_OBJC_ISA_USAGE = YES_ERROR;
				CLANG_WARN_DOCUMENTATION_COMMENTS = YES;
				CLANG_WARN_EMPTY_BODY = YES;
				CLANG_WARN_ENUM_CONVERSION = YES;
				CLANG_WARN_INFINITE_RECURSION = YES;
				CLANG_WARN_INT_CONVERSION = YES;
				CLANG_WARN_NON_LITERAL_NULL_CONVERSION = YES;
				CLANG_WARN_OBJC_IMPLICIT_RETAIN_SELF = YES;
				CLANG_WARN_OBJC_LITERAL_CONVERSION = YES;
				CLANG_WARN_OBJC_ROOT_CLASS = YES_ERROR;
				CLANG_WARN_RANGE_LOOP_ANALYSIS = YES;
				CLANG_WARN_STRICT_PROTOTYPES = YES;
				CLANG_WARN_SUSPICIOUS_MOVE = YES;
				CLANG_WARN_UNGUARDED_AVAILABILITY = YES_AGGRESSIVE;
				CLANG_WARN_UNREACHABLE_CODE = YES;
				CLANG_WARN__DUPLICATE_METHOD_MATCH = YES;
				CODE_SIGN_IDENTITY = "iPhone Developer";
				COPY_PHASE_STRIP = NO;
				DEBUG_INFORMATION_FORMAT = dwarf;
				ENABLE_STRICT_OBJC_MSGSEND = YES;
				ENABLE_TESTABILITY = YES;
				GCC_C_LANGUAGE_STANDARD = gnu11;
				GCC_DYNAMIC_NO_PIC = NO;
				GCC_NO_COMMON_BLOCKS = YES;
				GCC_OPTIMIZATION_LEVEL = 0;
				GCC_PREPROCESSOR_DEFINITIONS = (
					"DEBUG=1",
					"$(inherited)",
				);
				GCC_WARN_64_TO_32_BIT_CONVERSION = YES;
				GCC_WARN_ABOUT_RETURN_TYPE = YES_ERROR;
				GCC_WARN_UNDECLARED_SELECTOR = YES;
				GCC_WARN_UNINITIALIZED_AUTOS = YES_AGGRESSIVE;
				GCC_WARN_UNUSED_FUNCTION = YES;
				GCC_WARN_UNUSED_VARIABLE = YES;
				IPHONEOS_DEPLOYMENT_TARGET = 11.4;
				MTL_ENABLE_DEBUG_INFO = YES;
				ONLY_ACTIVE_ARCH = YES;
				SDKROOT = iphoneos;
				SWIFT_ACTIVE_COMPILATION_CONDITIONS = DEBUG;
				SWIFT_OPTIMIZATION_LEVEL = "-Onone";
			};
			name = Debug;
		};
		9B241E5A217F852E00566DB3 /* Release */ = {
			isa = XCBuildConfiguration;
			buildSettings = {
				ALWAYS_SEARCH_USER_PATHS = NO;
				CLANG_ANALYZER_NONNULL = YES;
				CLANG_ANALYZER_NUMBER_OBJECT_CONVERSION = YES_AGGRESSIVE;
				CLANG_CXX_LANGUAGE_STANDARD = "gnu++14";
				CLANG_CXX_LIBRARY = "libc++";
				CLANG_ENABLE_MODULES = YES;
				CLANG_ENABLE_OBJC_ARC = YES;
				CLANG_ENABLE_OBJC_WEAK = YES;
				CLANG_WARN_BLOCK_CAPTURE_AUTORELEASING = YES;
				CLANG_WARN_BOOL_CONVERSION = YES;
				CLANG_WARN_COMMA = YES;
				CLANG_WARN_CONSTANT_CONVERSION = YES;
				CLANG_WARN_DEPRECATED_OBJC_IMPLEMENTATIONS = YES;
				CLANG_WARN_DIRECT_OBJC_ISA_USAGE = YES_ERROR;
				CLANG_WARN_DOCUMENTATION_COMMENTS = YES;
				CLANG_WARN_EMPTY_BODY = YES;
				CLANG_WARN_ENUM_CONVERSION = YES;
				CLANG_WARN_INFINITE_RECURSION = YES;
				CLANG_WARN_INT_CONVERSION = YES;
				CLANG_WARN_NON_LITERAL_NULL_CONVERSION = YES;
				CLANG_WARN_OBJC_IMPLICIT_RETAIN_SELF = YES;
				CLANG_WARN_OBJC_LITERAL_CONVERSION = YES;
				CLANG_WARN_OBJC_ROOT_CLASS = YES_ERROR;
				CLANG_WARN_RANGE_LOOP_ANALYSIS = YES;
				CLANG_WARN_STRICT_PROTOTYPES = YES;
				CLANG_WARN_SUSPICIOUS_MOVE = YES;
				CLANG_WARN_UNGUARDED_AVAILABILITY = YES_AGGRESSIVE;
				CLANG_WARN_UNREACHABLE_CODE = YES;
				CLANG_WARN__DUPLICATE_METHOD_MATCH = YES;
				CODE_SIGN_IDENTITY = "iPhone Developer";
				COPY_PHASE_STRIP = NO;
				DEBUG_INFORMATION_FORMAT = "dwarf-with-dsym";
				ENABLE_NS_ASSERTIONS = NO;
				ENABLE_STRICT_OBJC_MSGSEND = YES;
				GCC_C_LANGUAGE_STANDARD = gnu11;
				GCC_NO_COMMON_BLOCKS = YES;
				GCC_WARN_64_TO_32_BIT_CONVERSION = YES;
				GCC_WARN_ABOUT_RETURN_TYPE = YES_ERROR;
				GCC_WARN_UNDECLARED_SELECTOR = YES;
				GCC_WARN_UNINITIALIZED_AUTOS = YES_AGGRESSIVE;
				GCC_WARN_UNUSED_FUNCTION = YES;
				GCC_WARN_UNUSED_VARIABLE = YES;
				IPHONEOS_DEPLOYMENT_TARGET = 11.4;
				MTL_ENABLE_DEBUG_INFO = NO;
				SDKROOT = iphoneos;
				SWIFT_COMPILATION_MODE = wholemodule;
				SWIFT_OPTIMIZATION_LEVEL = "-O";
				VALIDATE_PRODUCT = YES;
			};
			name = Release;
		};
		9B241E5C217F852E00566DB3 /* Debug */ = {
			isa = XCBuildConfiguration;
			buildSettings = {
				ASSETCATALOG_COMPILER_APPICON_NAME = AppIcon;
				CODE_SIGN_STYLE = Manual;
				DEVELOPMENT_TEAM = "";
				INFOPLIST_FILE = ImageListViewer/Info.plist;
				IPHONEOS_DEPLOYMENT_TARGET = 10.0;
				LD_RUNPATH_SEARCH_PATHS = (
					"$(inherited)",
					"@executable_path/Frameworks",
				);
				PRODUCT_BUNDLE_IDENTIFIER = com.imagelistviewercom.ImageListViewer;
				PRODUCT_NAME = "$(TARGET_NAME)";
				PROVISIONING_PROFILE_SPECIFIER = "";
				SWIFT_VERSION = 4.0;
				TARGETED_DEVICE_FAMILY = "1,2";
			};
			name = Debug;
		};
		9B241E5D217F852E00566DB3 /* Release */ = {
			isa = XCBuildConfiguration;
			buildSettings = {
				ASSETCATALOG_COMPILER_APPICON_NAME = AppIcon;
				CODE_SIGN_STYLE = Manual;
				DEVELOPMENT_TEAM = "";
				INFOPLIST_FILE = ImageListViewer/Info.plist;
				IPHONEOS_DEPLOYMENT_TARGET = 10.0;
				LD_RUNPATH_SEARCH_PATHS = (
					"$(inherited)",
					"@executable_path/Frameworks",
				);
				PRODUCT_BUNDLE_IDENTIFIER = com.imagelistviewercom.ImageListViewer;
				PRODUCT_NAME = "$(TARGET_NAME)";
				PROVISIONING_PROFILE_SPECIFIER = "";
				SWIFT_VERSION = 4.0;
				TARGETED_DEVICE_FAMILY = "1,2";
			};
			name = Release;
		};
		9B241E5F217F852E00566DB3 /* Debug */ = {
			isa = XCBuildConfiguration;
			buildSettings = {
				ALWAYS_EMBED_SWIFT_STANDARD_LIBRARIES = YES;
				BUNDLE_LOADER = "$(TEST_HOST)";
				CODE_SIGN_STYLE = Manual;
				DEVELOPMENT_TEAM = "";
				INFOPLIST_FILE = ImageListViewerTests/Info.plist;
				LD_RUNPATH_SEARCH_PATHS = (
					"$(inherited)",
					"@executable_path/Frameworks",
					"@loader_path/Frameworks",
				);
				PRODUCT_BUNDLE_IDENTIFIER = com.imagelistviewercom.ImageListViewerTests;
				PRODUCT_NAME = "$(TARGET_NAME)";
				PROVISIONING_PROFILE_SPECIFIER = "";
				SWIFT_VERSION = 4.0;
				TARGETED_DEVICE_FAMILY = "1,2";
				TEST_HOST = "$(BUILT_PRODUCTS_DIR)/ImageListViewer.app/ImageListViewer";
			};
			name = Debug;
		};
		9B241E60217F852E00566DB3 /* Release */ = {
			isa = XCBuildConfiguration;
			buildSettings = {
				ALWAYS_EMBED_SWIFT_STANDARD_LIBRARIES = YES;
				BUNDLE_LOADER = "$(TEST_HOST)";
				CODE_SIGN_STYLE = Manual;
				DEVELOPMENT_TEAM = "";
				INFOPLIST_FILE = ImageListViewerTests/Info.plist;
				LD_RUNPATH_SEARCH_PATHS = (
					"$(inherited)",
					"@executable_path/Frameworks",
					"@loader_path/Frameworks",
				);
				PRODUCT_BUNDLE_IDENTIFIER = com.imagelistviewercom.ImageListViewerTests;
				PRODUCT_NAME = "$(TARGET_NAME)";
				PROVISIONING_PROFILE_SPECIFIER = "";
				SWIFT_VERSION = 4.0;
				TARGETED_DEVICE_FAMILY = "1,2";
				TEST_HOST = "$(BUILT_PRODUCTS_DIR)/ImageListViewer.app/ImageListViewer";
			};
			name = Release;
		};
/* End XCBuildConfiguration section */

/* Begin XCConfigurationList section */
		9B241E39217F852900566DB3 /* Build configuration list for PBXProject "ImageListViewer" */ = {
			isa = XCConfigurationList;
			buildConfigurations = (
				9B241E59217F852E00566DB3 /* Debug */,
				9B241E5A217F852E00566DB3 /* Release */,
			);
			defaultConfigurationIsVisible = 0;
			defaultConfigurationName = Release;
		};
		9B241E5B217F852E00566DB3 /* Build configuration list for PBXNativeTarget "ImageListViewer" */ = {
			isa = XCConfigurationList;
			buildConfigurations = (
				9B241E5C217F852E00566DB3 /* Debug */,
				9B241E5D217F852E00566DB3 /* Release */,
			);
			defaultConfigurationIsVisible = 0;
			defaultConfigurationName = Release;
		};
		9B241E5E217F852E00566DB3 /* Build configuration list for PBXNativeTarget "ImageListViewerTests" */ = {
			isa = XCConfigurationList;
			buildConfigurations = (
				9B241E5F217F852E00566DB3 /* Debug */,
				9B241E60217F852E00566DB3 /* Release */,
			);
			defaultConfigurationIsVisible = 0;
			defaultConfigurationName = Release;
		};
/* End XCConfigurationList section */
	};
	rootObject = 9B241E36217F852900566DB3 /* Project object */;
}
